# This file is automatically @generated by Poetry 1.5.1 and should not be changed by hand.

[[package]]
name = "absl-py"
version = "1.4.0"
description = "Abseil Python Common Libraries, see https://github.com/abseil/abseil-py."
optional = false
python-versions = ">=3.6"
files = [
    {file = "absl-py-1.4.0.tar.gz", hash = "sha256:d2c244d01048ba476e7c080bd2c6df5e141d211de80223460d5b3b8a2a58433d"},
    {file = "absl_py-1.4.0-py3-none-any.whl", hash = "sha256:0d3fe606adfa4f7db64792dd4c7aee4ee0c38ab75dfd353b7a83ed3e957fcb47"},
]

[[package]]
name = "cloudpickle"
version = "2.2.1"
description = "Extended pickling support for Python objects"
optional = false
python-versions = ">=3.6"
files = [
    {file = "cloudpickle-2.2.1-py3-none-any.whl", hash = "sha256:61f594d1f4c295fa5cd9014ceb3a1fc4a70b0de1164b94fbc2d854ccba056f9f"},
    {file = "cloudpickle-2.2.1.tar.gz", hash = "sha256:d89684b8de9e34a2a43b3460fbca07d09d6e25ce858df4d5a44240403b6178f5"},
]

[[package]]
name = "farama-notifications"
version = "0.0.4"
description = "Notifications for all Farama Foundation maintained libraries."
optional = false
python-versions = "*"
files = [
    {file = "Farama-Notifications-0.0.4.tar.gz", hash = "sha256:13fceff2d14314cf80703c8266462ebf3733c7d165336eee998fc58e545efd18"},
    {file = "Farama_Notifications-0.0.4-py3-none-any.whl", hash = "sha256:14de931035a41961f7c056361dc7f980762a143d05791ef5794a751a2caf05ae"},
]

[[package]]
name = "glfw"
version = "2.6.2"
description = "A ctypes-based wrapper for GLFW3."
optional = false
python-versions = "*"
files = [
    {file = "glfw-2.6.2-py2.py27.py3.py30.py31.py32.py33.py34.py35.py36.py37.py38-none-macosx_10_6_intel.whl", hash = "sha256:d8e4f087eba45f7f4815e3e912867ed5ca16d1047b0958c52047f5b53be67059"},
    {file = "glfw-2.6.2-py2.py27.py3.py30.py31.py32.py33.py34.py35.py36.py37.py38-none-macosx_11_0_arm64.whl", hash = "sha256:faa5596aad5490cdd8657931a66636508c1015a8b7b47018318bb72fcd2b9014"},
    {file = "glfw-2.6.2-py2.py27.py3.py30.py31.py32.py33.py34.py35.py36.py37.py38-none-manylinux2010_i686.whl", hash = "sha256:cb04ace3b2162dcfcf642e1011babfc0fd099cfedba41936b8057d76a7e3f413"},
    {file = "glfw-2.6.2-py2.py27.py3.py30.py31.py32.py33.py34.py35.py36.py37.py38-none-manylinux2010_x86_64.whl", hash = "sha256:a862a45cc503d604abfabc6ca6ed3c8e78e1941cbbb1161796db525032268ae0"},
    {file = "glfw-2.6.2-py2.py27.py3.py30.py31.py32.py33.py34.py35.py36.py37.py38-none-manylinux2014_aarch64.whl", hash = "sha256:fb56cd24f9e173cdddc8f6ebaac4f52304a1dfcae1dadd583038355b73c1ae06"},
    {file = "glfw-2.6.2-py2.py27.py3.py30.py31.py32.py33.py34.py35.py36.py37.py38-none-manylinux2014_x86_64.whl", hash = "sha256:c385c9976133aed57ff4f0ff5210276844cefb4d8a7bf61bbcc1caf10385744b"},
    {file = "glfw-2.6.2-py2.py27.py3.py30.py31.py32.py33.py34.py35.py36.py37.py38-none-win32.whl", hash = "sha256:53f586291223abef652def28b82c309b0bd9d111fa409d05359aff6f35b0f3ab"},
    {file = "glfw-2.6.2-py2.py27.py3.py30.py31.py32.py33.py34.py35.py36.py37.py38-none-win_amd64.whl", hash = "sha256:c2dcf2395d99ff2506428213bee305bb9ba024043d1f574216e61e6f5df808e9"},
    {file = "glfw-2.6.2.tar.gz", hash = "sha256:4e0a6eac41301640ce9fe7493d08a83c72eebb7e32f78d2efb094514e770d3c4"},
]

[package.extras]
preview = ["glfw-preview"]

[[package]]
name = "gymnasium"
version = "0.29.1"
description = "A standard API for reinforcement learning and a diverse set of reference environments (formerly Gym)."
optional = false
python-versions = ">=3.8"
files = [
    {file = "gymnasium-0.29.1-py3-none-any.whl", hash = "sha256:61c3384b5575985bb7f85e43213bcb40f36fcdff388cae6bc229304c71f2843e"},
    {file = "gymnasium-0.29.1.tar.gz", hash = "sha256:1a532752efcb7590478b1cc7aa04f608eb7a2fdad5570cd217b66b6a35274bb1"},
]

[package.dependencies]
cloudpickle = ">=1.2.0"
farama-notifications = ">=0.0.1"
imageio = {version = ">=2.14.1", optional = true, markers = "extra == \"mujoco\""}
mujoco = {version = ">=2.3.3", optional = true, markers = "extra == \"mujoco\""}
numpy = ">=1.21.0"
typing-extensions = ">=4.3.0"

[package.extras]
accept-rom-license = ["autorom[accept-rom-license] (>=0.4.2,<0.5.0)"]
all = ["box2d-py (==2.3.5)", "cython (<3)", "imageio (>=2.14.1)", "jax (>=0.4.0)", "jaxlib (>=0.4.0)", "lz4 (>=3.1.0)", "matplotlib (>=3.0)", "moviepy (>=1.0.0)", "mujoco (>=2.3.3)", "mujoco-py (>=2.1,<2.2)", "opencv-python (>=3.0)", "pygame (>=2.1.3)", "shimmy[atari] (>=0.1.0,<1.0)", "swig (==4.*)", "torch (>=1.0.0)"]
atari = ["shimmy[atari] (>=0.1.0,<1.0)"]
box2d = ["box2d-py (==2.3.5)", "pygame (>=2.1.3)", "swig (==4.*)"]
classic-control = ["pygame (>=2.1.3)", "pygame (>=2.1.3)"]
jax = ["jax (>=0.4.0)", "jaxlib (>=0.4.0)"]
mujoco = ["imageio (>=2.14.1)", "mujoco (>=2.3.3)"]
mujoco-py = ["cython (<3)", "cython (<3)", "mujoco-py (>=2.1,<2.2)", "mujoco-py (>=2.1,<2.2)"]
other = ["lz4 (>=3.1.0)", "matplotlib (>=3.0)", "moviepy (>=1.0.0)", "opencv-python (>=3.0)", "torch (>=1.0.0)"]
testing = ["pytest (==7.1.3)", "scipy (>=1.7.3)"]
toy-text = ["pygame (>=2.1.3)", "pygame (>=2.1.3)"]

[[package]]
name = "gymnasium-robotics"
version = "1.2.2"
description = "Robotics environments for the Gymnasium repo."
optional = false
python-versions = ">=3.7"
files = [
    {file = "gymnasium-robotics-1.2.2.tar.gz", hash = "sha256:464110d3a0065198011ba28d6b4545f3ebb1fa2dc3804d0d0f2b260f2ea59d0c"},
    {file = "gymnasium_robotics-1.2.2-py3-none-any.whl", hash = "sha256:1a02e2ff5c842b5cf1ecdfe0cc41775ca87bc06595ba9ffcd879d6187df1392b"},
]

[package.dependencies]
gymnasium = ">=0.26"
imageio = "*"
Jinja2 = ">=3.0.3"
mujoco = "2.3.3"
numpy = ">=1.21.0,<1.24.0"
PettingZoo = ">=1.23.0"

[package.extras]
mujoco-py = ["mujoco-py (>=2.1,<2.2)"]
testing = ["Jinja2 (>=3.0.3)", "PettingZoo (>=1.23.0)", "mujoco-py (>=2.1,<2.2)", "pytest (==7.0.1)"]

[[package]]
name = "imageio"
version = "2.31.3"
description = "Library for reading and writing a wide range of image, video, scientific, and volumetric data formats."
optional = false
python-versions = ">=3.8"
files = [
    {file = "imageio-2.31.3-py3-none-any.whl", hash = "sha256:ea777be55bfa4bd6aee126c7dfa3bf1759bf87be982876c50f1a976d1b65446d"},
    {file = "imageio-2.31.3.tar.gz", hash = "sha256:74c6a832d81b7ad5a8a80976dea58ee033d3e2b99a54990cbd789b4cb0b31461"},
]

[package.dependencies]
numpy = "*"
pillow = ">=8.3.2"

[package.extras]
all-plugins = ["astropy", "av", "imageio-ffmpeg", "psutil", "tifffile"]
all-plugins-pypy = ["av", "imageio-ffmpeg", "psutil", "tifffile"]
build = ["wheel"]
dev = ["black", "flake8", "fsspec[github]", "pytest", "pytest-cov"]
docs = ["numpydoc", "pydata-sphinx-theme", "sphinx (<6)"]
ffmpeg = ["imageio-ffmpeg", "psutil"]
fits = ["astropy"]
full = ["astropy", "av", "black", "flake8", "fsspec[github]", "gdal", "imageio-ffmpeg", "itk", "numpydoc", "psutil", "pydata-sphinx-theme", "pytest", "pytest-cov", "sphinx (<6)", "tifffile", "wheel"]
gdal = ["gdal"]
itk = ["itk"]
linting = ["black", "flake8"]
pyav = ["av"]
test = ["fsspec[github]", "pytest", "pytest-cov"]
tifffile = ["tifffile"]

[[package]]
name = "jinja2"
version = "3.1.2"
description = "A very fast and expressive template engine."
optional = false
python-versions = ">=3.7"
files = [
    {file = "Jinja2-3.1.2-py3-none-any.whl", hash = "sha256:6088930bfe239f0e6710546ab9c19c9ef35e29792895fed6e6e31a023a182a61"},
    {file = "Jinja2-3.1.2.tar.gz", hash = "sha256:31351a702a408a9e7595a8fc6150fc3f43bb6bf7e319770cbc0db9df9437e852"},
]

[package.dependencies]
MarkupSafe = ">=2.0"

[package.extras]
i18n = ["Babel (>=2.7)"]

[[package]]
name = "markupsafe"
version = "2.1.3"
description = "Safely add untrusted strings to HTML/XML markup."
optional = false
python-versions = ">=3.7"
files = [
    {file = "MarkupSafe-2.1.3-cp310-cp310-macosx_10_9_universal2.whl", hash = "sha256:cd0f502fe016460680cd20aaa5a76d241d6f35a1c3350c474bac1273803893fa"},
    {file = "MarkupSafe-2.1.3-cp310-cp310-macosx_10_9_x86_64.whl", hash = "sha256:e09031c87a1e51556fdcb46e5bd4f59dfb743061cf93c4d6831bf894f125eb57"},
    {file = "MarkupSafe-2.1.3-cp310-cp310-manylinux_2_17_aarch64.manylinux2014_aarch64.whl", hash = "sha256:68e78619a61ecf91e76aa3e6e8e33fc4894a2bebe93410754bd28fce0a8a4f9f"},
    {file = "MarkupSafe-2.1.3-cp310-cp310-manylinux_2_17_x86_64.manylinux2014_x86_64.whl", hash = "sha256:65c1a9bcdadc6c28eecee2c119465aebff8f7a584dd719facdd9e825ec61ab52"},
    {file = "MarkupSafe-2.1.3-cp310-cp310-manylinux_2_5_i686.manylinux1_i686.manylinux_2_17_i686.manylinux2014_i686.whl", hash = "sha256:525808b8019e36eb524b8c68acdd63a37e75714eac50e988180b169d64480a00"},
    {file = "MarkupSafe-2.1.3-cp310-cp310-musllinux_1_1_aarch64.whl", hash = "sha256:962f82a3086483f5e5f64dbad880d31038b698494799b097bc59c2edf392fce6"},
    {file = "MarkupSafe-2.1.3-cp310-cp310-musllinux_1_1_i686.whl", hash = "sha256:aa7bd130efab1c280bed0f45501b7c8795f9fdbeb02e965371bbef3523627779"},
    {file = "MarkupSafe-2.1.3-cp310-cp310-musllinux_1_1_x86_64.whl", hash = "sha256:c9c804664ebe8f83a211cace637506669e7890fec1b4195b505c214e50dd4eb7"},
    {file = "MarkupSafe-2.1.3-cp310-cp310-win32.whl", hash = "sha256:10bbfe99883db80bdbaff2dcf681dfc6533a614f700da1287707e8a5d78a8431"},
    {file = "MarkupSafe-2.1.3-cp310-cp310-win_amd64.whl", hash = "sha256:1577735524cdad32f9f694208aa75e422adba74f1baee7551620e43a3141f559"},
    {file = "MarkupSafe-2.1.3-cp311-cp311-macosx_10_9_universal2.whl", hash = "sha256:ad9e82fb8f09ade1c3e1b996a6337afac2b8b9e365f926f5a61aacc71adc5b3c"},
    {file = "MarkupSafe-2.1.3-cp311-cp311-macosx_10_9_x86_64.whl", hash = "sha256:3c0fae6c3be832a0a0473ac912810b2877c8cb9d76ca48de1ed31e1c68386575"},
    {file = "MarkupSafe-2.1.3-cp311-cp311-manylinux_2_17_aarch64.manylinux2014_aarch64.whl", hash = "sha256:b076b6226fb84157e3f7c971a47ff3a679d837cf338547532ab866c57930dbee"},
    {file = "MarkupSafe-2.1.3-cp311-cp311-manylinux_2_17_x86_64.manylinux2014_x86_64.whl", hash = "sha256:bfce63a9e7834b12b87c64d6b155fdd9b3b96191b6bd334bf37db7ff1fe457f2"},
    {file = "MarkupSafe-2.1.3-cp311-cp311-manylinux_2_5_i686.manylinux1_i686.manylinux_2_17_i686.manylinux2014_i686.whl", hash = "sha256:338ae27d6b8745585f87218a3f23f1512dbf52c26c28e322dbe54bcede54ccb9"},
    {file = "MarkupSafe-2.1.3-cp311-cp311-musllinux_1_1_aarch64.whl", hash = "sha256:e4dd52d80b8c83fdce44e12478ad2e85c64ea965e75d66dbeafb0a3e77308fcc"},
    {file = "MarkupSafe-2.1.3-cp311-cp311-musllinux_1_1_i686.whl", hash = "sha256:df0be2b576a7abbf737b1575f048c23fb1d769f267ec4358296f31c2479db8f9"},
    {file = "MarkupSafe-2.1.3-cp311-cp311-musllinux_1_1_x86_64.whl", hash = "sha256:5bbe06f8eeafd38e5d0a4894ffec89378b6c6a625ff57e3028921f8ff59318ac"},
    {file = "MarkupSafe-2.1.3-cp311-cp311-win32.whl", hash = "sha256:dd15ff04ffd7e05ffcb7fe79f1b98041b8ea30ae9234aed2a9168b5797c3effb"},
    {file = "MarkupSafe-2.1.3-cp311-cp311-win_amd64.whl", hash = "sha256:134da1eca9ec0ae528110ccc9e48041e0828d79f24121a1a146161103c76e686"},
    {file = "MarkupSafe-2.1.3-cp37-cp37m-macosx_10_9_x86_64.whl", hash = "sha256:8e254ae696c88d98da6555f5ace2279cf7cd5b3f52be2b5cf97feafe883b58d2"},
    {file = "MarkupSafe-2.1.3-cp37-cp37m-manylinux_2_17_aarch64.manylinux2014_aarch64.whl", hash = "sha256:cb0932dc158471523c9637e807d9bfb93e06a95cbf010f1a38b98623b929ef2b"},
    {file = "MarkupSafe-2.1.3-cp37-cp37m-manylinux_2_17_x86_64.manylinux2014_x86_64.whl", hash = "sha256:9402b03f1a1b4dc4c19845e5c749e3ab82d5078d16a2a4c2cd2df62d57bb0707"},
    {file = "MarkupSafe-2.1.3-cp37-cp37m-manylinux_2_5_i686.manylinux1_i686.manylinux_2_17_i686.manylinux2014_i686.whl", hash = "sha256:ca379055a47383d02a5400cb0d110cef0a776fc644cda797db0c5696cfd7e18e"},
    {file = "MarkupSafe-2.1.3-cp37-cp37m-musllinux_1_1_aarch64.whl", hash = "sha256:b7ff0f54cb4ff66dd38bebd335a38e2c22c41a8ee45aa608efc890ac3e3931bc"},
    {file = "MarkupSafe-2.1.3-cp37-cp37m-musllinux_1_1_i686.whl", hash = "sha256:c011a4149cfbcf9f03994ec2edffcb8b1dc2d2aede7ca243746df97a5d41ce48"},
    {file = "MarkupSafe-2.1.3-cp37-cp37m-musllinux_1_1_x86_64.whl", hash = "sha256:56d9f2ecac662ca1611d183feb03a3fa4406469dafe241673d521dd5ae92a155"},
    {file = "MarkupSafe-2.1.3-cp37-cp37m-win32.whl", hash = "sha256:8758846a7e80910096950b67071243da3e5a20ed2546e6392603c096778d48e0"},
    {file = "MarkupSafe-2.1.3-cp37-cp37m-win_amd64.whl", hash = "sha256:787003c0ddb00500e49a10f2844fac87aa6ce977b90b0feaaf9de23c22508b24"},
    {file = "MarkupSafe-2.1.3-cp38-cp38-macosx_10_9_universal2.whl", hash = "sha256:2ef12179d3a291be237280175b542c07a36e7f60718296278d8593d21ca937d4"},
    {file = "MarkupSafe-2.1.3-cp38-cp38-macosx_10_9_x86_64.whl", hash = "sha256:2c1b19b3aaacc6e57b7e25710ff571c24d6c3613a45e905b1fde04d691b98ee0"},
    {file = "MarkupSafe-2.1.3-cp38-cp38-manylinux_2_17_aarch64.manylinux2014_aarch64.whl", hash = "sha256:8afafd99945ead6e075b973fefa56379c5b5c53fd8937dad92c662da5d8fd5ee"},
    {file = "MarkupSafe-2.1.3-cp38-cp38-manylinux_2_17_x86_64.manylinux2014_x86_64.whl", hash = "sha256:8c41976a29d078bb235fea9b2ecd3da465df42a562910f9022f1a03107bd02be"},
    {file = "MarkupSafe-2.1.3-cp38-cp38-manylinux_2_5_i686.manylinux1_i686.manylinux_2_17_i686.manylinux2014_i686.whl", hash = "sha256:d080e0a5eb2529460b30190fcfcc4199bd7f827663f858a226a81bc27beaa97e"},
    {file = "MarkupSafe-2.1.3-cp38-cp38-musllinux_1_1_aarch64.whl", hash = "sha256:69c0f17e9f5a7afdf2cc9fb2d1ce6aabdb3bafb7f38017c0b77862bcec2bbad8"},
    {file = "MarkupSafe-2.1.3-cp38-cp38-musllinux_1_1_i686.whl", hash = "sha256:504b320cd4b7eff6f968eddf81127112db685e81f7e36e75f9f84f0df46041c3"},
    {file = "MarkupSafe-2.1.3-cp38-cp38-musllinux_1_1_x86_64.whl", hash = "sha256:42de32b22b6b804f42c5d98be4f7e5e977ecdd9ee9b660fda1a3edf03b11792d"},
    {file = "MarkupSafe-2.1.3-cp38-cp38-win32.whl", hash = "sha256:ceb01949af7121f9fc39f7d27f91be8546f3fb112c608bc4029aef0bab86a2a5"},
    {file = "MarkupSafe-2.1.3-cp38-cp38-win_amd64.whl", hash = "sha256:1b40069d487e7edb2676d3fbdb2b0829ffa2cd63a2ec26c4938b2d34391b4ecc"},
    {file = "MarkupSafe-2.1.3-cp39-cp39-macosx_10_9_universal2.whl", hash = "sha256:8023faf4e01efadfa183e863fefde0046de576c6f14659e8782065bcece22198"},
    {file = "MarkupSafe-2.1.3-cp39-cp39-macosx_10_9_x86_64.whl", hash = "sha256:6b2b56950d93e41f33b4223ead100ea0fe11f8e6ee5f641eb753ce4b77a7042b"},
    {file = "MarkupSafe-2.1.3-cp39-cp39-manylinux_2_17_aarch64.manylinux2014_aarch64.whl", hash = "sha256:9dcdfd0eaf283af041973bff14a2e143b8bd64e069f4c383416ecd79a81aab58"},
    {file = "MarkupSafe-2.1.3-cp39-cp39-manylinux_2_17_x86_64.manylinux2014_x86_64.whl", hash = "sha256:05fb21170423db021895e1ea1e1f3ab3adb85d1c2333cbc2310f2a26bc77272e"},
    {file = "MarkupSafe-2.1.3-cp39-cp39-manylinux_2_5_i686.manylinux1_i686.manylinux_2_17_i686.manylinux2014_i686.whl", hash = "sha256:282c2cb35b5b673bbcadb33a585408104df04f14b2d9b01d4c345a3b92861c2c"},
    {file = "MarkupSafe-2.1.3-cp39-cp39-musllinux_1_1_aarch64.whl", hash = "sha256:ab4a0df41e7c16a1392727727e7998a467472d0ad65f3ad5e6e765015df08636"},
    {file = "MarkupSafe-2.1.3-cp39-cp39-musllinux_1_1_i686.whl", hash = "sha256:7ef3cb2ebbf91e330e3bb937efada0edd9003683db6b57bb108c4001f37a02ea"},
    {file = "MarkupSafe-2.1.3-cp39-cp39-musllinux_1_1_x86_64.whl", hash = "sha256:0a4e4a1aff6c7ac4cd55792abf96c915634c2b97e3cc1c7129578aa68ebd754e"},
    {file = "MarkupSafe-2.1.3-cp39-cp39-win32.whl", hash = "sha256:fec21693218efe39aa7f8599346e90c705afa52c5b31ae019b2e57e8f6542bb2"},
    {file = "MarkupSafe-2.1.3-cp39-cp39-win_amd64.whl", hash = "sha256:3fd4abcb888d15a94f32b75d8fd18ee162ca0c064f35b11134be77050296d6ba"},
    {file = "MarkupSafe-2.1.3.tar.gz", hash = "sha256:af598ed32d6ae86f1b747b82783958b1a4ab8f617b06fe68795c7f026abbdcad"},
]

[[package]]
name = "mujoco"
version = "2.3.3"
description = "MuJoCo Physics Simulator"
optional = false
python-versions = ">=3.7"
files = [
    {file = "mujoco-2.3.3-2-cp310-cp310-macosx_10_12_x86_64.whl", hash = "sha256:7b95a0b7ae8bb9e36d04ba475a950025791c43087845235bb92bd2dd1787589a"},
    {file = "mujoco-2.3.3-2-cp310-cp310-macosx_11_0_arm64.whl", hash = "sha256:8b9f8e9e6d47fe60f96dc54be780a66a38d5ec2ff94d091ad54c6f87468b4b6a"},
    {file = "mujoco-2.3.3-2-cp310-cp310-manylinux_2_17_aarch64.manylinux2014_aarch64.whl", hash = "sha256:a9cbd3b60ac30f0b6661de050ca3e1de906b9c28ed9d084bdd708c141953247d"},
    {file = "mujoco-2.3.3-2-cp310-cp310-manylinux_2_17_x86_64.manylinux2014_x86_64.whl", hash = "sha256:9c7fd195bca86102788d86dbc2773c59c1f0ee3933b35eb0f6a86f0f2aeb5065"},
    {file = "mujoco-2.3.3-2-cp310-cp310-win_amd64.whl", hash = "sha256:f3595e992770eff3f842cb80f7eb2b7b1b3e78995b6ecc247f98036da17ef74f"},
    {file = "mujoco-2.3.3-2-cp311-cp311-macosx_10_12_x86_64.whl", hash = "sha256:fc833b7dd8d60aa1f37f63807666a59f9d7bce99f3aecd5b32e5104b6b0aae0a"},
    {file = "mujoco-2.3.3-2-cp311-cp311-macosx_11_0_arm64.whl", hash = "sha256:611c0d2be4d725ad5d04a0ed4b21e6e5bcc20357693a96d3a4d99af247b14478"},
    {file = "mujoco-2.3.3-2-cp311-cp311-manylinux_2_17_aarch64.manylinux2014_aarch64.whl", hash = "sha256:532b24fb1f0468478d34d2549bb0c98a8ff76d8ebaa5f409509320857ce20d1b"},
    {file = "mujoco-2.3.3-2-cp311-cp311-manylinux_2_17_x86_64.manylinux2014_x86_64.whl", hash = "sha256:ecff0bcd488b8aaa8e2e596084bd513adf6c1713512ce55692ffbd1f2b9ff3df"},
    {file = "mujoco-2.3.3-2-cp311-cp311-win_amd64.whl", hash = "sha256:8fc14a0c061c47436545591d56dc84639876d81263d2493746418fbd2f22d0ff"},
    {file = "mujoco-2.3.3-2-cp37-cp37m-macosx_10_12_x86_64.whl", hash = "sha256:11704dba4ebae37c066a08d85e4d213d3b9e7cc77dc57d496b485cd5e5756dd0"},
    {file = "mujoco-2.3.3-2-cp37-cp37m-manylinux_2_17_aarch64.manylinux2014_aarch64.whl", hash = "sha256:5cc10a293826610147815b917a218f41ab8ec53dd837f38ffd52b9e3fab80d8b"},
    {file = "mujoco-2.3.3-2-cp37-cp37m-manylinux_2_17_x86_64.manylinux2014_x86_64.whl", hash = "sha256:c5a801e1f5d7e1252f984828ff88c31dacf96ceab68e14da6667b824e6aa7af2"},
    {file = "mujoco-2.3.3-2-cp37-cp37m-win_amd64.whl", hash = "sha256:0ec01ba21f81ca65119403c80e39c29a3b8902ebe9417b27f9c43803211f6e00"},
    {file = "mujoco-2.3.3-2-cp38-cp38-macosx_10_12_x86_64.whl", hash = "sha256:bce8364ea2624c922d3c11ceeb27ddaa782c9634f79d261674fef2d9301e8ba7"},
    {file = "mujoco-2.3.3-2-cp38-cp38-macosx_11_0_arm64.whl", hash = "sha256:f6ed5aed24b581a22645b50d205d2c531a37579b13c3664d00f373a3a95ebbdb"},
    {file = "mujoco-2.3.3-2-cp38-cp38-manylinux_2_17_aarch64.manylinux2014_aarch64.whl", hash = "sha256:d5c18fee42748e69bff1d24d5118a1541adc493dc7c2303a128996384984f020"},
    {file = "mujoco-2.3.3-2-cp38-cp38-manylinux_2_17_x86_64.manylinux2014_x86_64.whl", hash = "sha256:4355f7b12e7119ebadc0634d5b349117775acb1a93e24cbc9f1be93520d0b040"},
    {file = "mujoco-2.3.3-2-cp38-cp38-win_amd64.whl", hash = "sha256:478034faee89b23342cec6b45a45d85f0f1062ae5ecdd62bd07f195851b7ede4"},
    {file = "mujoco-2.3.3-2-cp39-cp39-macosx_10_12_x86_64.whl", hash = "sha256:82b00cd1a50103435df0a82e3f1d9022c19284bba3bb19877678a6081a6e3a6b"},
    {file = "mujoco-2.3.3-2-cp39-cp39-macosx_11_0_arm64.whl", hash = "sha256:0fb65279bee3fa349d4c9984545d4fff69b88eee96e9e08ef8b8fd3553213f58"},
    {file = "mujoco-2.3.3-2-cp39-cp39-manylinux_2_17_aarch64.manylinux2014_aarch64.whl", hash = "sha256:3b454b5915f7cfd47cd0cb68fcaf38295889572a976c449f2ac3dad57f4b8dbe"},
    {file = "mujoco-2.3.3-2-cp39-cp39-manylinux_2_17_x86_64.manylinux2014_x86_64.whl", hash = "sha256:ff8ad3a08b60d2d16e4878d50948c97b0f68175fc5314c70e15e52bd6c2c74e2"},
    {file = "mujoco-2.3.3-2-cp39-cp39-win_amd64.whl", hash = "sha256:047d504292a331c5316314b01e7afdf7796658fd7f851d294b10fca7c3124ba1"},
    {file = "mujoco-2.3.3.zip", hash = "sha256:8bd074d3c5d9d25416cf2a5b82b337a7431a6e20edbd0da7fbc05ee5255c1aaa"},
]

[package.dependencies]
absl-py = "*"
glfw = "*"
numpy = "*"
pyopengl = "*"

[[package]]
name = "numpy"
version = "1.23.5"
description = "NumPy is the fundamental package for array computing with Python."
optional = false
python-versions = ">=3.8"
files = [
    {file = "numpy-1.23.5-cp310-cp310-macosx_10_9_x86_64.whl", hash = "sha256:9c88793f78fca17da0145455f0d7826bcb9f37da4764af27ac945488116efe63"},
    {file = "numpy-1.23.5-cp310-cp310-macosx_11_0_arm64.whl", hash = "sha256:e9f4c4e51567b616be64e05d517c79a8a22f3606499941d97bb76f2ca59f982d"},
    {file = "numpy-1.23.5-cp310-cp310-manylinux_2_17_aarch64.manylinux2014_aarch64.whl", hash = "sha256:7903ba8ab592b82014713c491f6c5d3a1cde5b4a3bf116404e08f5b52f6daf43"},
    {file = "numpy-1.23.5-cp310-cp310-manylinux_2_17_x86_64.manylinux2014_x86_64.whl", hash = "sha256:5e05b1c973a9f858c74367553e236f287e749465f773328c8ef31abe18f691e1"},
    {file = "numpy-1.23.5-cp310-cp310-win32.whl", hash = "sha256:522e26bbf6377e4d76403826ed689c295b0b238f46c28a7251ab94716da0b280"},
    {file = "numpy-1.23.5-cp310-cp310-win_amd64.whl", hash = "sha256:dbee87b469018961d1ad79b1a5d50c0ae850000b639bcb1b694e9981083243b6"},
    {file = "numpy-1.23.5-cp311-cp311-macosx_10_9_x86_64.whl", hash = "sha256:ce571367b6dfe60af04e04a1834ca2dc5f46004ac1cc756fb95319f64c095a96"},
    {file = "numpy-1.23.5-cp311-cp311-macosx_11_0_arm64.whl", hash = "sha256:56e454c7833e94ec9769fa0f86e6ff8e42ee38ce0ce1fa4cbb747ea7e06d56aa"},
    {file = "numpy-1.23.5-cp311-cp311-manylinux_2_17_aarch64.manylinux2014_aarch64.whl", hash = "sha256:5039f55555e1eab31124a5768898c9e22c25a65c1e0037f4d7c495a45778c9f2"},
    {file = "numpy-1.23.5-cp311-cp311-manylinux_2_17_x86_64.manylinux2014_x86_64.whl", hash = "sha256:58f545efd1108e647604a1b5aa809591ccd2540f468a880bedb97247e72db387"},
    {file = "numpy-1.23.5-cp311-cp311-win32.whl", hash = "sha256:b2a9ab7c279c91974f756c84c365a669a887efa287365a8e2c418f8b3ba73fb0"},
    {file = "numpy-1.23.5-cp311-cp311-win_amd64.whl", hash = "sha256:0cbe9848fad08baf71de1a39e12d1b6310f1d5b2d0ea4de051058e6e1076852d"},
    {file = "numpy-1.23.5-cp38-cp38-macosx_10_9_x86_64.whl", hash = "sha256:f063b69b090c9d918f9df0a12116029e274daf0181df392839661c4c7ec9018a"},
    {file = "numpy-1.23.5-cp38-cp38-macosx_11_0_arm64.whl", hash = "sha256:0aaee12d8883552fadfc41e96b4c82ee7d794949e2a7c3b3a7201e968c7ecab9"},
    {file = "numpy-1.23.5-cp38-cp38-manylinux_2_17_aarch64.manylinux2014_aarch64.whl", hash = "sha256:92c8c1e89a1f5028a4c6d9e3ccbe311b6ba53694811269b992c0b224269e2398"},
    {file = "numpy-1.23.5-cp38-cp38-manylinux_2_17_x86_64.manylinux2014_x86_64.whl", hash = "sha256:d208a0f8729f3fb790ed18a003f3a57895b989b40ea4dce4717e9cf4af62c6bb"},
    {file = "numpy-1.23.5-cp38-cp38-win32.whl", hash = "sha256:06005a2ef6014e9956c09ba07654f9837d9e26696a0470e42beedadb78c11b07"},
    {file = "numpy-1.23.5-cp38-cp38-win_amd64.whl", hash = "sha256:ca51fcfcc5f9354c45f400059e88bc09215fb71a48d3768fb80e357f3b457e1e"},
    {file = "numpy-1.23.5-cp39-cp39-macosx_10_9_x86_64.whl", hash = "sha256:8969bfd28e85c81f3f94eb4a66bc2cf1dbdc5c18efc320af34bffc54d6b1e38f"},
    {file = "numpy-1.23.5-cp39-cp39-macosx_11_0_arm64.whl", hash = "sha256:a7ac231a08bb37f852849bbb387a20a57574a97cfc7b6cabb488a4fc8be176de"},
    {file = "numpy-1.23.5-cp39-cp39-manylinux_2_17_aarch64.manylinux2014_aarch64.whl", hash = "sha256:bf837dc63ba5c06dc8797c398db1e223a466c7ece27a1f7b5232ba3466aafe3d"},
    {file = "numpy-1.23.5-cp39-cp39-manylinux_2_17_x86_64.manylinux2014_x86_64.whl", hash = "sha256:33161613d2269025873025b33e879825ec7b1d831317e68f4f2f0f84ed14c719"},
    {file = "numpy-1.23.5-cp39-cp39-win32.whl", hash = "sha256:af1da88f6bc3d2338ebbf0e22fe487821ea4d8e89053e25fa59d1d79786e7481"},
    {file = "numpy-1.23.5-cp39-cp39-win_amd64.whl", hash = "sha256:09b7847f7e83ca37c6e627682f145856de331049013853f344f37b0c9690e3df"},
    {file = "numpy-1.23.5-pp38-pypy38_pp73-macosx_10_9_x86_64.whl", hash = "sha256:abdde9f795cf292fb9651ed48185503a2ff29be87770c3b8e2a14b0cd7aa16f8"},
    {file = "numpy-1.23.5-pp38-pypy38_pp73-manylinux_2_17_x86_64.manylinux2014_x86_64.whl", hash = "sha256:f9a909a8bae284d46bbfdefbdd4a262ba19d3bc9921b1e76126b1d21c3c34135"},
    {file = "numpy-1.23.5-pp38-pypy38_pp73-win_amd64.whl", hash = "sha256:01dd17cbb340bf0fc23981e52e1d18a9d4050792e8fb8363cecbf066a84b827d"},
    {file = "numpy-1.23.5.tar.gz", hash = "sha256:1b1766d6f397c18153d40015ddfc79ddb715cabadc04d2d228d4e5a8bc4ded1a"},
]

[[package]]
name = "pettingzoo"
version = "1.24.1"
description = "Gymnasium for multi-agent reinforcement learning."
optional = false
python-versions = ">=3.8"
files = [
    {file = "pettingzoo-1.24.1-py3-none-any.whl", hash = "sha256:110ab96cdd1bcc013994712b2e2a2e4fee3f1ba93d17c58652bdf2348e74c2bf"},
    {file = "pettingzoo-1.24.1.tar.gz", hash = "sha256:6c4ee9487002883fba3ca1f87c58617a4a24dbd461aacbee90a69c09e3d6b79a"},
]

[package.dependencies]
gymnasium = ">=0.28.0"
numpy = ">=1.21.0"

[package.extras]
all = ["box2d-py (==2.3.5)", "chess (==1.9.4)", "multi-agent-ale-py (==0.1.11)", "pillow (>=8.0.1)", "pygame (==2.3.0)", "pymunk (==6.2.0)", "rlcard (==1.0.5)", "scipy (>=1.4.1)", "shimmy[openspiel] (>=1.2.0)"]
atari = ["multi-agent-ale-py (==0.1.11)", "pygame (==2.3.0)"]
butterfly = ["pygame (==2.3.0)", "pymunk (==6.2.0)"]
classic = ["chess (==1.9.4)", "pygame (==2.3.0)", "rlcard (==1.0.5)", "shimmy[openspiel] (>=1.2.0)"]
mpe = ["pygame (==2.3.0)"]
other = ["pillow (>=8.0.1)"]
sisl = ["box2d-py (==2.3.5)", "pygame (==2.3.0)", "pymunk (==6.2.0)", "scipy (>=1.4.1)"]
testing = ["AutoROM", "pre-commit", "pynput", "pytest", "pytest-cov", "pytest-markdown-docs", "pytest-xdist"]

[[package]]
name = "pillow"
version = "10.0.0"
description = "Python Imaging Library (Fork)"
optional = false
python-versions = ">=3.8"
files = [
    {file = "Pillow-10.0.0-cp310-cp310-macosx_10_10_x86_64.whl", hash = "sha256:1f62406a884ae75fb2f818694469519fb685cc7eaff05d3451a9ebe55c646891"},
    {file = "Pillow-10.0.0-cp310-cp310-macosx_11_0_arm64.whl", hash = "sha256:d5db32e2a6ccbb3d34d87c87b432959e0db29755727afb37290e10f6e8e62614"},
    {file = "Pillow-10.0.0-cp310-cp310-manylinux_2_17_aarch64.manylinux2014_aarch64.whl", hash = "sha256:edf4392b77bdc81f36e92d3a07a5cd072f90253197f4a52a55a8cec48a12483b"},
    {file = "Pillow-10.0.0-cp310-cp310-manylinux_2_17_x86_64.manylinux2014_x86_64.whl", hash = "sha256:520f2a520dc040512699f20fa1c363eed506e94248d71f85412b625026f6142c"},
    {file = "Pillow-10.0.0-cp310-cp310-manylinux_2_28_aarch64.whl", hash = "sha256:8c11160913e3dd06c8ffdb5f233a4f254cb449f4dfc0f8f4549eda9e542c93d1"},
    {file = "Pillow-10.0.0-cp310-cp310-manylinux_2_28_x86_64.whl", hash = "sha256:a74ba0c356aaa3bb8e3eb79606a87669e7ec6444be352870623025d75a14a2bf"},
    {file = "Pillow-10.0.0-cp310-cp310-musllinux_1_1_aarch64.whl", hash = "sha256:d5d0dae4cfd56969d23d94dc8e89fb6a217be461c69090768227beb8ed28c0a3"},
    {file = "Pillow-10.0.0-cp310-cp310-musllinux_1_1_x86_64.whl", hash = "sha256:22c10cc517668d44b211717fd9775799ccec4124b9a7f7b3635fc5386e584992"},
    {file = "Pillow-10.0.0-cp310-cp310-win_amd64.whl", hash = "sha256:dffe31a7f47b603318c609f378ebcd57f1554a3a6a8effbc59c3c69f804296de"},
    {file = "Pillow-10.0.0-cp311-cp311-macosx_10_10_x86_64.whl", hash = "sha256:9fb218c8a12e51d7ead2a7c9e101a04982237d4855716af2e9499306728fb485"},
    {file = "Pillow-10.0.0-cp311-cp311-macosx_11_0_arm64.whl", hash = "sha256:d35e3c8d9b1268cbf5d3670285feb3528f6680420eafe35cccc686b73c1e330f"},
    {file = "Pillow-10.0.0-cp311-cp311-manylinux_2_17_aarch64.manylinux2014_aarch64.whl", hash = "sha256:3ed64f9ca2f0a95411e88a4efbd7a29e5ce2cea36072c53dd9d26d9c76f753b3"},
    {file = "Pillow-10.0.0-cp311-cp311-manylinux_2_17_x86_64.manylinux2014_x86_64.whl", hash = "sha256:0b6eb5502f45a60a3f411c63187db83a3d3107887ad0d036c13ce836f8a36f1d"},
    {file = "Pillow-10.0.0-cp311-cp311-manylinux_2_28_aarch64.whl", hash = "sha256:c1fbe7621c167ecaa38ad29643d77a9ce7311583761abf7836e1510c580bf3dd"},
    {file = "Pillow-10.0.0-cp311-cp311-manylinux_2_28_x86_64.whl", hash = "sha256:cd25d2a9d2b36fcb318882481367956d2cf91329f6892fe5d385c346c0649629"},
    {file = "Pillow-10.0.0-cp311-cp311-musllinux_1_1_aarch64.whl", hash = "sha256:3b08d4cc24f471b2c8ca24ec060abf4bebc6b144cb89cba638c720546b1cf538"},
    {file = "Pillow-10.0.0-cp311-cp311-musllinux_1_1_x86_64.whl", hash = "sha256:d737a602fbd82afd892ca746392401b634e278cb65d55c4b7a8f48e9ef8d008d"},
    {file = "Pillow-10.0.0-cp311-cp311-win_amd64.whl", hash = "sha256:3a82c40d706d9aa9734289740ce26460a11aeec2d9c79b7af87bb35f0073c12f"},
    {file = "Pillow-10.0.0-cp311-cp311-win_arm64.whl", hash = "sha256:bc2ec7c7b5d66b8ec9ce9f720dbb5fa4bace0f545acd34870eff4a369b44bf37"},
    {file = "Pillow-10.0.0-cp312-cp312-macosx_10_10_x86_64.whl", hash = "sha256:d80cf684b541685fccdd84c485b31ce73fc5c9b5d7523bf1394ce134a60c6883"},
    {file = "Pillow-10.0.0-cp312-cp312-macosx_11_0_arm64.whl", hash = "sha256:76de421f9c326da8f43d690110f0e79fe3ad1e54be811545d7d91898b4c8493e"},
    {file = "Pillow-10.0.0-cp312-cp312-manylinux_2_17_aarch64.manylinux2014_aarch64.whl", hash = "sha256:81ff539a12457809666fef6624684c008e00ff6bf455b4b89fd00a140eecd640"},
    {file = "Pillow-10.0.0-cp312-cp312-manylinux_2_17_x86_64.manylinux2014_x86_64.whl", hash = "sha256:ce543ed15570eedbb85df19b0a1a7314a9c8141a36ce089c0a894adbfccb4568"},
    {file = "Pillow-10.0.0-cp312-cp312-manylinux_2_28_aarch64.whl", hash = "sha256:685ac03cc4ed5ebc15ad5c23bc555d68a87777586d970c2c3e216619a5476223"},
    {file = "Pillow-10.0.0-cp312-cp312-manylinux_2_28_x86_64.whl", hash = "sha256:d72e2ecc68a942e8cf9739619b7f408cc7b272b279b56b2c83c6123fcfa5cdff"},
    {file = "Pillow-10.0.0-cp312-cp312-musllinux_1_1_aarch64.whl", hash = "sha256:d50b6aec14bc737742ca96e85d6d0a5f9bfbded018264b3b70ff9d8c33485551"},
    {file = "Pillow-10.0.0-cp312-cp312-musllinux_1_1_x86_64.whl", hash = "sha256:00e65f5e822decd501e374b0650146063fbb30a7264b4d2744bdd7b913e0cab5"},
    {file = "Pillow-10.0.0-cp312-cp312-win_amd64.whl", hash = "sha256:f31f9fdbfecb042d046f9d91270a0ba28368a723302786c0009ee9b9f1f60199"},
    {file = "Pillow-10.0.0-cp312-cp312-win_arm64.whl", hash = "sha256:1ce91b6ec08d866b14413d3f0bbdea7e24dfdc8e59f562bb77bc3fe60b6144ca"},
    {file = "Pillow-10.0.0-cp38-cp38-macosx_10_10_x86_64.whl", hash = "sha256:349930d6e9c685c089284b013478d6f76e3a534e36ddfa912cde493f235372f3"},
    {file = "Pillow-10.0.0-cp38-cp38-macosx_11_0_arm64.whl", hash = "sha256:3a684105f7c32488f7153905a4e3015a3b6c7182e106fe3c37fbb5ef3e6994c3"},
    {file = "Pillow-10.0.0-cp38-cp38-manylinux_2_17_aarch64.manylinux2014_aarch64.whl", hash = "sha256:b4f69b3700201b80bb82c3a97d5e9254084f6dd5fb5b16fc1a7b974260f89f43"},
    {file = "Pillow-10.0.0-cp38-cp38-manylinux_2_17_x86_64.manylinux2014_x86_64.whl", hash = "sha256:3f07ea8d2f827d7d2a49ecf1639ec02d75ffd1b88dcc5b3a61bbb37a8759ad8d"},
    {file = "Pillow-10.0.0-cp38-cp38-manylinux_2_28_aarch64.whl", hash = "sha256:040586f7d37b34547153fa383f7f9aed68b738992380ac911447bb78f2abe530"},
    {file = "Pillow-10.0.0-cp38-cp38-manylinux_2_28_x86_64.whl", hash = "sha256:f88a0b92277de8e3ca715a0d79d68dc82807457dae3ab8699c758f07c20b3c51"},
    {file = "Pillow-10.0.0-cp38-cp38-musllinux_1_1_aarch64.whl", hash = "sha256:c7cf14a27b0d6adfaebb3ae4153f1e516df54e47e42dcc073d7b3d76111a8d86"},
    {file = "Pillow-10.0.0-cp38-cp38-musllinux_1_1_x86_64.whl", hash = "sha256:3400aae60685b06bb96f99a21e1ada7bc7a413d5f49bce739828ecd9391bb8f7"},
    {file = "Pillow-10.0.0-cp38-cp38-win_amd64.whl", hash = "sha256:dbc02381779d412145331789b40cc7b11fdf449e5d94f6bc0b080db0a56ea3f0"},
    {file = "Pillow-10.0.0-cp39-cp39-macosx_10_10_x86_64.whl", hash = "sha256:9211e7ad69d7c9401cfc0e23d49b69ca65ddd898976d660a2fa5904e3d7a9baa"},
    {file = "Pillow-10.0.0-cp39-cp39-macosx_11_0_arm64.whl", hash = "sha256:faaf07ea35355b01a35cb442dd950d8f1bb5b040a7787791a535de13db15ed90"},
    {file = "Pillow-10.0.0-cp39-cp39-manylinux_2_17_aarch64.manylinux2014_aarch64.whl", hash = "sha256:c9f72a021fbb792ce98306ffb0c348b3c9cb967dce0f12a49aa4c3d3fdefa967"},
    {file = "Pillow-10.0.0-cp39-cp39-manylinux_2_17_x86_64.manylinux2014_x86_64.whl", hash = "sha256:9f7c16705f44e0504a3a2a14197c1f0b32a95731d251777dcb060aa83022cb2d"},
    {file = "Pillow-10.0.0-cp39-cp39-manylinux_2_28_aarch64.whl", hash = "sha256:76edb0a1fa2b4745fb0c99fb9fb98f8b180a1bbceb8be49b087e0b21867e77d3"},
    {file = "Pillow-10.0.0-cp39-cp39-manylinux_2_28_x86_64.whl", hash = "sha256:368ab3dfb5f49e312231b6f27b8820c823652b7cd29cfbd34090565a015e99ba"},
    {file = "Pillow-10.0.0-cp39-cp39-musllinux_1_1_aarch64.whl", hash = "sha256:608bfdee0d57cf297d32bcbb3c728dc1da0907519d1784962c5f0c68bb93e5a3"},
    {file = "Pillow-10.0.0-cp39-cp39-musllinux_1_1_x86_64.whl", hash = "sha256:5c6e3df6bdd396749bafd45314871b3d0af81ff935b2d188385e970052091017"},
    {file = "Pillow-10.0.0-cp39-cp39-win_amd64.whl", hash = "sha256:7be600823e4c8631b74e4a0d38384c73f680e6105a7d3c6824fcf226c178c7e6"},
    {file = "Pillow-10.0.0-pp310-pypy310_pp73-macosx_10_10_x86_64.whl", hash = "sha256:92be919bbc9f7d09f7ae343c38f5bb21c973d2576c1d45600fce4b74bafa7ac0"},
    {file = "Pillow-10.0.0-pp310-pypy310_pp73-manylinux_2_17_x86_64.manylinux2014_x86_64.whl", hash = "sha256:8f8182b523b2289f7c415f589118228d30ac8c355baa2f3194ced084dac2dbba"},
    {file = "Pillow-10.0.0-pp310-pypy310_pp73-manylinux_2_28_x86_64.whl", hash = "sha256:38250a349b6b390ee6047a62c086d3817ac69022c127f8a5dc058c31ccef17f3"},
    {file = "Pillow-10.0.0-pp310-pypy310_pp73-win_amd64.whl", hash = "sha256:88af2003543cc40c80f6fca01411892ec52b11021b3dc22ec3bc9d5afd1c5334"},
    {file = "Pillow-10.0.0-pp39-pypy39_pp73-macosx_10_10_x86_64.whl", hash = "sha256:c189af0545965fa8d3b9613cfdb0cd37f9d71349e0f7750e1fd704648d475ed2"},
    {file = "Pillow-10.0.0-pp39-pypy39_pp73-manylinux_2_17_x86_64.manylinux2014_x86_64.whl", hash = "sha256:ce7b031a6fc11365970e6a5686d7ba8c63e4c1cf1ea143811acbb524295eabed"},
    {file = "Pillow-10.0.0-pp39-pypy39_pp73-manylinux_2_28_x86_64.whl", hash = "sha256:db24668940f82321e746773a4bc617bfac06ec831e5c88b643f91f122a785684"},
    {file = "Pillow-10.0.0-pp39-pypy39_pp73-win_amd64.whl", hash = "sha256:efe8c0681042536e0d06c11f48cebe759707c9e9abf880ee213541c5b46c5bf3"},
    {file = "Pillow-10.0.0.tar.gz", hash = "sha256:9c82b5b3e043c7af0d95792d0d20ccf68f61a1fec6b3530e718b688422727396"},
]

[package.extras]
docs = ["furo", "olefile", "sphinx (>=2.4)", "sphinx-copybutton", "sphinx-inline-tabs", "sphinx-removed-in", "sphinxext-opengraph"]
tests = ["check-manifest", "coverage", "defusedxml", "markdown2", "olefile", "packaging", "pyroma", "pytest", "pytest-cov", "pytest-timeout"]

[[package]]
name = "pyopengl"
version = "3.1.7"
description = "Standard OpenGL bindings for Python"
optional = false
python-versions = "*"
files = [
    {file = "PyOpenGL-3.1.7-py3-none-any.whl", hash = "sha256:a6ab19cf290df6101aaf7470843a9c46207789855746399d0af92521a0a92b7a"},
    {file = "PyOpenGL-3.1.7.tar.gz", hash = "sha256:eef31a3888e6984fd4d8e6c9961b184c9813ca82604d37fe3da80eb000a76c86"},
]

[[package]]
name = "typing-extensions"
version = "4.7.1"
description = "Backported and Experimental Type Hints for Python 3.7+"
optional = false
python-versions = ">=3.7"
files = [
    {file = "typing_extensions-4.7.1-py3-none-any.whl", hash = "sha256:440d5dd3af93b060174bf433bccd69b0babc3b15b1a8dca43789fd7f61514b36"},
    {file = "typing_extensions-4.7.1.tar.gz", hash = "sha256:b75ddc264f0ba5615db7ba217daeb99701ad295353c45f9e95963337ceeeffb2"},
]

[metadata]
lock-version = "2.0"
python-versions = "^3.11"
content-hash = "cf22d0c40d6d1815f910aae3dd928c8c138614c802797cf1cc071b923739715a"
